
Microsoft Visual Studio Solution File, Format Version 12.00
# Visual Studio Version 16
VisualStudioVersion = 16.0.29519.87
MinimumVisualStudioVersion = 10.0.40219.1
Project("{FAE04EC0-301F-11D3-BF4B-00C04F79EFBC}") = "SoftwareSecurityAssignment", "SoftwareSecurityAssignment\SoftwareSecurityAssignment.csproj", "{B85CA00C-F2D9-470B-A29D-02AED70BB086}"
EndProject
Project("{FAE04EC0-301F-11D3-BF4B-00C04F79EFBC}") = "SoftwareSecurityAssignmentConsole", "SoftwareSecurityAssignmentConsole\SoftwareSecurityAssignmentConsole.csproj", "{DF9FBD9D-D586-442F-A186-1A2449017158}"
EndProject
Global
	GlobalSection(SolutionConfigurationPlatforms) = preSolution
		Debug|Any CPU = Debug|Any CPU
		Release|Any CPU = Release|Any CPU
	EndGlobalSection
	GlobalSection(ProjectConfigurationPlatforms) = postSolution
		{B85CA00C-F2D9-470B-A29D-02AED70BB086}.Debug|Any CPU.ActiveCfg = Debug|Any CPU
		{B85CA00C-F2D9-470B-A29D-02AED70BB086}.Debug|Any CPU.Build.0 = Debug|Any CPU
		{B85CA00C-F2D9-470B-A29D-02AED70BB086}.Release|Any CPU.ActiveCfg = Release|Any CPU
		{B85CA00C-F2D9-470B-A29D-02AED70BB086}.Release|Any CPU.Build.0 = Release|Any CPU
		{DF9FBD9D-D586-442F-A186-1A2449017158}.Debug|Any CPU.ActiveCfg = Debug|Any CPU
		{DF9FBD9D-D586-442F-A186-1A2449017158}.Debug|Any CPU.Build.0 = Debug|Any CPU
		{DF9FBD9D-D586-442F-A186-1A2449017158}.Release|Any CPU.ActiveCfg = Release|Any CPU
		{DF9FBD9D-D586-442F-A186-1A2449017158}.Release|Any CPU.Build.0 = Release|Any CPU
	EndGlobalSection
	GlobalSection(SolutionProperties) = preSolution
		HideSolutionNode = FALSE
	EndGlobalSection
	GlobalSection(ExtensibilityGlobals) = postSolution
		SolutionGuid = {C2CD33FC-6F1F-416F-8084-5614FDB2A12A}
	EndGlobalSection
EndGlobal
